// !$*UTF8*$!
{
	archiveVersion = 1;
	classes = {
	};
	objectVersion = 77;
	objects = {

/* Begin PBXBuildFile section */
		09A0C12D2F2C5ECB00E09DF5 /* XCTest.framework in Frameworks */ = {isa = PBXBuildFile; fileRef = 09A0C12C2F2C5ECB00E09DF5 /* XCTest.framework */; };
/* End PBXBuildFile section */

/* Begin PBXContainerItemProxy section */
		09A0C0EE2F2C54A000E09DF5 /* PBXContainerItemProxy */ = {
			isa = PBXContainerItemProxy;
			containerPortal = 09A0C0CF2F2C549C00E09DF5 /* Project object */;
			proxyType = 1;
			remoteGlobalIDString = 09A0C0D62F2C549C00E09DF5;
			remoteInfo = AllAboutUTs;
		};
		09A0C0F82F2C54A000E09DF5 /* PBXContainerItemProxy */ = {
			isa = PBXContainerItemProxy;
			containerPortal = 09A0C0CF2F2C549C00E09DF5 /* Project object */;
			proxyType = 1;
			remoteGlobalIDString = 09A0C0D62F2C549C00E09DF5;
			remoteInfo = AllAboutUTs;
		};
/* End PBXContainerItemProxy section */

/* Begin PBXFileReference section */
		09A0C0D72F2C549C00E09DF5 /* AllAboutUTs.app */ = {isa = PBXFileReference; explicitFileType = wrapper.application; includeInIndex = 0; path = AllAboutUTs.app; sourceTree = BUILT_PRODUCTS_DIR; };
		09A0C0ED2F2C54A000E09DF5 /* AllAboutUTsTests.xctest */ = {isa = PBXFileReference; explicitFileType = wrapper.cfbundle; includeInIndex = 0; path = AllAboutUTsTests.xctest; sourceTree = BUILT_PRODUCTS_DIR; };
		09A0C0F72F2C54A000E09DF5 /* AllAboutUTsUITests.xctest */ = {isa = PBXFileReference; explicitFileType = wrapper.cfbundle; includeInIndex = 0; path = AllAboutUTsUITests.xctest; sourceTree = BUILT_PRODUCTS_DIR; };
		09A0C12C2F2C5ECB00E09DF5 /* XCTest.framework */ = {isa = PBXFileReference; lastKnownFileType = wrapper.framework; name = XCTest.framework; path = Platforms/iPhoneOS.platform/Developer/Library/Frameworks/XCTest.framework; sourceTree = DEVELOPER_DIR; };
/* End PBXFileReference section */

/* Begin PBXFileSystemSynchronizedBuildFileExceptionSet section */
		09A0C0FF2F2C54A000E09DF5 /* Exceptions for "AllAboutUTs" folder in "AllAboutUTs" target */ = {
			isa = PBXFileSystemSynchronizedBuildFileExceptionSet;
			membershipExceptions = (
				AllAboutUTsTests/AllAboutUTsTests.swift,
				Info.plist,
			);
			target = 09A0C0D62F2C549C00E09DF5 /* AllAboutUTs */;
		};
		09A0C11E2F2C5B0700E09DF5 /* Exceptions for "AllAboutUTs" folder in "AllAboutUTsTests" target */ = {
			isa = PBXFileSystemSynchronizedBuildFileExceptionSet;
			membershipExceptions = (
				AllAboutUTsTests/AllAboutUTsTests.swift,
				AllAboutUTsTests/xctest/CalculatorTest.swift,
			);
			target = 09A0C0EC2F2C54A000E09DF5 /* AllAboutUTsTests */;
		};
/* End PBXFileSystemSynchronizedBuildFileExceptionSet section */

/* Begin PBXFileSystemSynchronizedRootGroup section */
		09A0C0D92F2C549C00E09DF5 /* AllAboutUTs */ = {
			isa = PBXFileSystemSynchronizedRootGroup;
			exceptions = (
				09A0C0FF2F2C54A000E09DF5 /* Exceptions for "AllAboutUTs" folder in "AllAboutUTs" target */,
				09A0C11E2F2C5B0700E09DF5 /* Exceptions for "AllAboutUTs" folder in "AllAboutUTsTests" target */,
			);
			path = AllAboutUTs;
			sourceTree = "<group>";
		};
		09A0C0FA2F2C54A000E09DF5 /* AllAboutUTsUITests */ = {
			isa = PBXFileSystemSynchronizedRootGroup;
			path = AllAboutUTsUITests;
			sourceTree = "<group>";
		};
/* End PBXFileSystemSynchronizedRootGroup section */

/* Begin PBXFrameworksBuildPhase section */
		09A0C0D42F2C549C00E09DF5 /* Frameworks */ = {
			isa = PBXFrameworksBuildPhase;
			buildActionMask = 2147483647;
			files = (
				09A0C12D2F2C5ECB00E09DF5 /* XCTest.framework in Frameworks */,
			);
			runOnlyForDeploymentPostprocessing = 0;
		};
		09A0C0EA2F2C54A000E09DF5 /* Frameworks */ = {
			isa = PBXFrameworksBuildPhase;
			buildActionMask = 2147483647;
			files = (
			);
			runOnlyForDeploymentPostprocessing = 0;
		};
		09A0C0F42F2C54A000E09DF5 /* Frameworks */ = {
			isa = PBXFrameworksBuildPhase;
			buildActionMask = 2147483647;
			files = (
			);
			runOnlyForDeploymentPostprocessing = 0;
		};
/* End PBXFrameworksBuildPhase section */

/* Begin PBXGroup section */
		09A0C0CE2F2C549C00E09DF5 = {
			isa = PBXGroup;
			children = (
				09A0C0D92F2C549C00E09DF5 /* AllAboutUTs */,
				09A0C0FA2F2C54A000E09DF5 /* AllAboutUTsUITests */,
				09A0C12B2F2C5ECA00E09DF5 /* Frameworks */,
				09A0C0D82F2C549C00E09DF5 /* Products */,
			);
			sourceTree = "<group>";
		};
		09A0C0D82F2C549C00E09DF5 /* Products */ = {
			isa = PBXGroup;
			children = (
				09A0C0D72F2C549C00E09DF5 /* AllAboutUTs.app */,
				09A0C0ED2F2C54A000E09DF5 /* AllAboutUTsTests.xctest */,
				09A0C0F72F2C54A000E09DF5 /* AllAboutUTsUITests.xctest */,
			);
			name = Products;
			sourceTree = "<group>";
		};
		09A0C12B2F2C5ECA00E09DF5 /* Frameworks */ = {
			isa = PBXGroup;
			children = (
				09A0C12C2F2C5ECB00E09DF5 /* XCTest.framework */,
			);
			name = Frameworks;
			sourceTree = "<group>";
		};
/* End PBXGroup section */

/* Begin PBXNativeTarget section */
		09A0C0D62F2C549C00E09DF5 /* AllAboutUTs */ = {
			isa = PBXNativeTarget;
			buildConfigurationList = 09A0C1002F2C54A000E09DF5 /* Build configuration list for PBXNativeTarget "AllAboutUTs" */;
			buildPhases = (
				09A0C0D32F2C549C00E09DF5 /* Sources */,
				09A0C0D42F2C549C00E09DF5 /* Frameworks */,
				09A0C0D52F2C549C00E09DF5 /* Resources */,
			);
			buildRules = (
			);
			dependencies = (
			);
			fileSystemSynchronizedGroups = (
				09A0C0D92F2C549C00E09DF5 /* AllAboutUTs */,
			);
			name = AllAboutUTs;
			packageProductDependencies = (
			);
			productName = AllAboutUTs;
			productReference = 09A0C0D72F2C549C00E09DF5 /* AllAboutUTs.app */;
			productType = "com.apple.product-type.application";
		};
		09A0C0EC2F2C54A000E09DF5 /* AllAboutUTsTests */ = {
			isa = PBXNativeTarget;
			buildConfigurationList = 09A0C1052F2C54A000E09DF5 /* Build configuration list for PBXNativeTarget "AllAboutUTsTests" */;
			buildPhases = (
				09A0C0E92F2C54A000E09DF5 /* Sources */,
				09A0C0EA2F2C54A000E09DF5 /* Frameworks */,
				09A0C0EB2F2C54A000E09DF5 /* Resources */,
			);
			buildRules = (
			);
			dependencies = (
				09A0C0EF2F2C54A000E09DF5 /* PBXTargetDependency */,
			);
			name = AllAboutUTsTests;
			packageProductDependencies = (
			);
			productName = AllAboutUTsTests;
			productReference = 09A0C0ED2F2C54A000E09DF5 /* AllAboutUTsTests.xctest */;
			productType = "com.apple.product-type.bundle.unit-test";
		};
		09A0C0F62F2C54A000E09DF5 /* AllAboutUTsUITests */ = {
			isa = PBXNativeTarget;
			buildConfigurationList = 09A0C1082F2C54A000E09DF5 /* Build configuration list for PBXNativeTarget "AllAboutUTsUITests" */;
			buildPhases = (
				09A0C0F32F2C54A000E09DF5 /* Sources */,
				09A0C0F42F2C54A000E09DF5 /* Frameworks */,
				09A0C0F52F2C54A000E09DF5 /* Resources */,
			);
			buildRules = (
			);
			dependencies = (
				09A0C0F92F2C54A000E09DF5 /* PBXTargetDependency */,
			);
			fileSystemSynchronizedGroups = (
				09A0C0FA2F2C54A000E09DF5 /* AllAboutUTsUITests */,
			);
			name = AllAboutUTsUITests;
			packageProductDependencies = (
			);
			productName = AllAboutUTsUITests;
			productReference = 09A0C0F72F2C54A000E09DF5 /* AllAboutUTsUITests.xctest */;
			productType = "com.apple.product-type.bundle.ui-testing";
		};
/* End PBXNativeTarget section */

/* Begin PBXProject section */
		09A0C0CF2F2C549C00E09DF5 /* Project object */ = {
			isa = PBXProject;
			attributes = {
				BuildIndependentTargetsInParallel = 1;
				LastSwiftUpdateCheck = 1640;
				LastUpgradeCheck = 1640;
				TargetAttributes = {
					09A0C0D62F2C549C00E09DF5 = {
						CreatedOnToolsVersion = 16.4;
					};
					09A0C0EC2F2C54A000E09DF5 = {
						CreatedOnToolsVersion = 16.4;
						TestTargetID = 09A0C0D62F2C549C00E09DF5;
					};
					09A0C0F62F2C54A000E09DF5 = {
						CreatedOnToolsVersion = 16.4;
						TestTargetID = 09A0C0D62F2C549C00E09DF5;
					};
				};
			};
			buildConfigurationList = 09A0C0D22F2C549C00E09DF5 /* Build configuration list for PBXProject "AllAboutUTs" */;
			developmentRegion = en;
			hasScannedForEncodings = 0;
			knownRegions = (
				en,
				Base,
			);
			mainGroup = 09A0C0CE2F2C549C00E09DF5;
			minimizedProjectReferenceProxies = 1;
			preferredProjectObjectVersion = 77;
			productRefGroup = 09A0C0D82F2C549C00E09DF5 /* Products */;
			projectDirPath = "";
			projectRoot = "";
			targets = (
				09A0C0D62F2C549C00E09DF5 /* AllAboutUTs */,
				09A0C0EC2F2C54A000E09DF5 /* AllAboutUTsTests */,
				09A0C0F62F2C54A000E09DF5 /* AllAboutUTsUITests */,
			);
		};
/* End PBXProject section */

/* Begin PBXResourcesBuildPhase section */
		09A0C0D52F2C549C00E09DF5 /* Resources */ = {
			isa = PBXResourcesBuildPhase;
			buildActionMask = 2147483647;
			files = (
			);
			runOnlyForDeploymentPostprocessing = 0;
		};
		09A0C0EB2F2C54A000E09DF5 /* Resources */ = {
			isa = PBXResourcesBuildPhase;
			buildActionMask = 2147483647;
			files = (
			);
			runOnlyForDeploymentPostprocessing = 0;
		};
		09A0C0F52F2C54A000E09DF5 /* Resources */ = {
			isa = PBXResourcesBuildPhase;
			buildActionMask = 2147483647;
			files = (
			);
			runOnlyForDeploymentPostprocessing = 0;
		};
/* End PBXResourcesBuildPhase section */

/* Begin PBXSourcesBuildPhase section */
		09A0C0D32F2C549C00E09DF5 /* Sources */ = {
			isa = PBXSourcesBuildPhase;
			buildActionMask = 2147483647;
			files = (
			);
			runOnlyForDeploymentPostprocessing = 0;
		};
		09A0C0E92F2C54A000E09DF5 /* Sources */ = {
			isa = PBXSourcesBuildPhase;
			buildActionMask = 2147483647;
			files = (
			);
			runOnlyForDeploymentPostprocessing = 0;
		};
		09A0C0F32F2C54A000E09DF5 /* Sources */ = {
			isa = PBXSourcesBuildPhase;
			buildActionMask = 2147483647;
			files = (
			);
			runOnlyForDeploymentPostprocessing = 0;
		};
/* End PBXSourcesBuildPhase section */

/* Begin PBXTargetDependency section */
		09A0C0EF2F2C54A000E09DF5 /* PBXTargetDependency */ = {
			isa = PBXTargetDependency;
			target = 09A0C0D62F2C549C00E09DF5 /* AllAboutUTs */;
			targetProxy = 09A0C0EE2F2C54A000E09DF5 /* PBXContainerItemProxy */;
		};
		09A0C0F92F2C54A000E09DF5 /* PBXTargetDependency */ = {
			isa = PBXTargetDependency;
			target = 09A0C0D62F2C549C00E09DF5 /* AllAboutUTs */;
			targetProxy = 09A0C0F82F2C54A000E09DF5 /* PBXContainerItemProxy */;
		};
/* End PBXTargetDependency section */

/* Begin XCBuildConfiguration section */
		09A0C1012F2C54A000E09DF5 /* Debug */ = {
			isa = XCBuildConfiguration;
			buildSettings = {
				ASSETCATALOG_COMPILER_APPICON_NAME = AppIcon;
				ASSETCATALOG_COMPILER_GLOBAL_ACCENT_COLOR_NAME = AccentColor;
				CODE_SIGN_STYLE = Automatic;
				CURRENT_PROJECT_VERSION = 1;
				GENERATE_INFOPLIST_FILE = YES;
				INFOPLIST_FILE = AllAboutUTs/Info.plist;
				INFOPLIST_KEY_UIApplicationSupportsIndirectInputEvents = YES;
				INFOPLIST_KEY_UILaunchStoryboardName = LaunchScreen;
				INFOPLIST_KEY_UIMainStoryboardFile = Main;
				INFOPLIST_KEY_UISupportedInterfaceOrientations_iPad = "UIInterfaceOrientationPortrait UIInterfaceOrientationPortraitUpsideDown UIInterfaceOrientationLandscapeLeft UIInterfaceOrientationLandscapeRight";
				INFOPLIST_KEY_UISupportedInterfaceOrientations_iPhone = "UIInterfaceOrientationPortrait UIInterfaceOrientationLandscapeLeft UIInterfaceOrientationLandscapeRight";
				LD_RUNPATH_SEARCH_PATHS = (
					"$(inherited)",
					"@executable_path/Frameworks",
				);
				MARKETING_VERSION = 1.0;
				PRODUCT_BUNDLE_IDENTIFIER = com.manuelamores.AllAboutUTs;
				PRODUCT_NAME = "$(TARGET_NAME)";
				SWIFT_EMIT_LOC_STRINGS = YES;
				SWIFT_VERSION = 5.0;
				TARGETED_DEVICE_FAMILY = "1,2";
			};
			name = Debug;
		};
		09A0C1022F2C54A000E09DF5 /* Release */ = {
			isa = XCBuildConfiguration;
			buildSettings = {
				ASSETCATALOG_COMPILER_APPICON_NAME = AppIcon;
				ASSETCATALOG_COMPILER_GLOBAL_ACCENT_COLOR_NAME = AccentColor;
				CODE_SIGN_STYLE = Automatic;
				CURRENT_PROJECT_VERSION = 1;
				GENERATE_INFOPLIST_FILE = YES;
				INFOPLIST_FILE = AllAboutUTs/Info.plist;
				INFOPLIST_KEY_UIApplicationSupportsIndirectInputEvents = YES;
				INFOPLIST_KEY_UILaunchStoryboardName = LaunchScreen;
				INFOPLIST_KEY_UIMainStoryboardFile = Main;
				INFOPLIST_KEY_UISupportedInterfaceOrientations_iPad = "UIInterfaceOrientationPortrait UIInterfaceOrientationPortraitUpsideDown UIInterfaceOrientationLandscapeLeft UIInterfaceOrientationLandscapeRight";
				INFOPLIST_KEY_UISupportedInterfaceOrientations_iPhone = "UIInterfaceOrientationPortrait UIInterfaceOrientationLandscapeLeft UIInterfaceOrientationLandscapeRight";
				LD_RUNPATH_SEARCH_PATHS = (
					"$(inherited)",
					"@executable_path/Frameworks",
				);
				MARKETING_VERSION = 1.0;
				PRODUCT_BUNDLE_IDENTIFIER = com.manuelamores.AllAboutUTs;
				PRODUCT_NAME = "$(TARGET_NAME)";
				SWIFT_EMIT_LOC_STRINGS = YES;
				SWIFT_VERSION = 5.0;
				TARGETED_DEVICE_FAMILY = "1,2";
			};
			name = Release;
		};
		09A0C1032F2C54A000E09DF5 /* Debug */ = {
			isa = XCBuildConfiguration;
			buildSettings = {
				ALWAYS_SEARCH_USER_PATHS = NO;
				ASSETCATALOG_COMPILER_GENERATE_SWIFT_ASSET_SYMBOL_EXTENSIONS = YES;
				CLANG_ANALYZER_NONNULL = YES;
				CLANG_ANALYZER_NUMBER_OBJECT_CONVERSION = YES_AGGRESSIVE;
				CLANG_CXX_LANGUAGE_STANDARD = "gnu++20";
				CLANG_ENABLE_MODULES = YES;
				CLANG_ENABLE_OBJC_ARC = YES;
				CLANG_ENABLE_OBJC_WEAK = YES;
				CLANG_WARN_BLOCK_CAPTURE_AUTORELEASING = YES;
				CLANG_WARN_BOOL_CONVERSION = YES;
				CLANG_WARN_COMMA = YES;
				CLANG_WARN_CONSTANT_CONVERSION = YES;
				CLANG_WARN_DEPRECATED_OBJC_IMPLEMENTATIONS = YES;
				CLANG_WARN_DIRECT_OBJC_ISA_USAGE = YES_ERROR;
				CLANG_WARN_DOCUMENTATION_COMMENTS = YES;
				CLANG_WARN_EMPTY_BODY = YES;
				CLANG_WARN_ENUM_CONVERSION = YES;
				CLANG_WARN_INFINITE_RECURSION = YES;
				CLANG_WARN_INT_CONVERSION = YES;
				CLANG_WARN_NON_LITERAL_NULL_CONVERSION = YES;
				CLANG_WARN_OBJC_IMPLICIT_RETAIN_SELF = YES;
				CLANG_WARN_OBJC_LITERAL_CONVERSION = YES;
				CLANG_WARN_OBJC_ROOT_CLASS = YES_ERROR;
				CLANG_WARN_QUOTED_INCLUDE_IN_FRAMEWORK_HEADER = YES;
				CLANG_WARN_RANGE_LOOP_ANALYSIS = YES;
				CLANG_WARN_STRICT_PROTOTYPES = YES;
				CLANG_WARN_SUSPICIOUS_MOVE = YES;
				CLANG_WARN_UNGUARDED_AVAILABILITY = YES_AGGRESSIVE;
				CLANG_WARN_UNREACHABLE_CODE = YES;
				CLANG_WARN__DUPLICATE_METHOD_MATCH = YES;
				COPY_PHASE_STRIP = NO;
				DEBUG_INFORMATION_FORMAT = dwarf;
				ENABLE_STRICT_OBJC_MSGSEND = YES;
				ENABLE_TESTABILITY = YES;
				ENABLE_USER_SCRIPT_SANDBOXING = YES;
				GCC_C_LANGUAGE_STANDARD = gnu17;
				GCC_DYNAMIC_NO_PIC = NO;
				GCC_NO_COMMON_BLOCKS = YES;
				GCC_OPTIMIZATION_LEVEL = 0;
				GCC_PREPROCESSOR_DEFINITIONS = (
					"DEBUG=1",
					"$(inherited)",
				);
				GCC_WARN_64_TO_32_BIT_CONVERSION = YES;
				GCC_WARN_ABOUT_RETURN_TYPE = YES_ERROR;
				GCC_WARN_UNDECLARED_SELECTOR = YES;
				GCC_WARN_UNINITIALIZED_AUTOS = YES_AGGRESSIVE;
				GCC_WARN_UNUSED_FUNCTION = YES;
				GCC_WARN_UNUSED_VARIABLE = YES;
				IPHONEOS_DEPLOYMENT_TARGET = 18.5;
				LOCALIZATION_PREFERS_STRING_CATALOGS = YES;
				MTL_ENABLE_DEBUG_INFO = INCLUDE_SOURCE;
				MTL_FAST_MATH = YES;
				ONLY_ACTIVE_ARCH = YES;
				SDKROOT = iphoneos;
				SWIFT_ACTIVE_COMPILATION_CONDITIONS = "DEBUG $(inherited)";
				SWIFT_OPTIMIZATION_LEVEL = "-Onone";
			};
			name = Debug;
		};
		09A0C1042F2C54A000E09DF5 /* Release */ = {
			isa = XCBuildConfiguration;
			buildSettings = {
				ALWAYS_SEARCH_USER_PATHS = NO;
				ASSETCATALOG_COMPILER_GENERATE_SWIFT_ASSET_SYMBOL_EXTENSIONS = YES;
				CLANG_ANALYZER_NONNULL = YES;
				CLANG_ANALYZER_NUMBER_OBJECT_CONVERSION = YES_AGGRESSIVE;
				CLANG_CXX_LANGUAGE_STANDARD = "gnu++20";
				CLANG_ENABLE_MODULES = YES;
				CLANG_ENABLE_OBJC_ARC = YES;
				CLANG_ENABLE_OBJC_WEAK = YES;
				CLANG_WARN_BLOCK_CAPTURE_AUTORELEASING = YES;
				CLANG_WARN_BOOL_CONVERSION = YES;
				CLANG_WARN_COMMA = YES;
				CLANG_WARN_CONSTANT_CONVERSION = YES;
				CLANG_WARN_DEPRECATED_OBJC_IMPLEMENTATIONS = YES;
				CLANG_WARN_DIRECT_OBJC_ISA_USAGE = YES_ERROR;
				CLANG_WARN_DOCUMENTATION_COMMENTS = YES;
				CLANG_WARN_EMPTY_BODY = YES;
				CLANG_WARN_ENUM_CONVERSION = YES;
				CLANG_WARN_INFINITE_RECURSION = YES;
				CLANG_WARN_INT_CONVERSION = YES;
				CLANG_WARN_NON_LITERAL_NULL_CONVERSION = YES;
				CLANG_WARN_OBJC_IMPLICIT_RETAIN_SELF = YES;
				CLANG_WARN_OBJC_LITERAL_CONVERSION = YES;
				CLANG_WARN_OBJC_ROOT_CLASS = YES_ERROR;
				CLANG_WARN_QUOTED_INCLUDE_IN_FRAMEWORK_HEADER = YES;
				CLANG_WARN_RANGE_LOOP_ANALYSIS = YES;
				CLANG_WARN_STRICT_PROTOTYPES = YES;
				CLANG_WARN_SUSPICIOUS_MOVE = YES;
				CLANG_WARN_UNGUARDED_AVAILABILITY = YES_AGGRESSIVE;
				CLANG_WARN_UNREACHABLE_CODE = YES;
				CLANG_WARN__DUPLICATE_METHOD_MATCH = YES;
				COPY_PHASE_STRIP = NO;
				DEBUG_INFORMATION_FORMAT = "dwarf-with-dsym";
				ENABLE_NS_ASSERTIONS = NO;
				ENABLE_STRICT_OBJC_MSGSEND = YES;
				ENABLE_USER_SCRIPT_SANDBOXING = YES;
				GCC_C_LANGUAGE_STANDARD = gnu17;
				GCC_NO_COMMON_BLOCKS = YES;
				GCC_WARN_64_TO_32_BIT_CONVERSION = YES;
				GCC_WARN_ABOUT_RETURN_TYPE = YES_ERROR;
				GCC_WARN_UNDECLARED_SELECTOR = YES;
				GCC_WARN_UNINITIALIZED_AUTOS = YES_AGGRESSIVE;
				GCC_WARN_UNUSED_FUNCTION = YES;
				GCC_WARN_UNUSED_VARIABLE = YES;
				IPHONEOS_DEPLOYMENT_TARGET = 18.5;
				LOCALIZATION_PREFERS_STRING_CATALOGS = YES;
				MTL_ENABLE_DEBUG_INFO = NO;
				MTL_FAST_MATH = YES;
				SDKROOT = iphoneos;
				SWIFT_COMPILATION_MODE = wholemodule;
				VALIDATE_PRODUCT = YES;
			};
			name = Release;
		};
		09A0C1062F2C54A000E09DF5 /* Debug */ = {
			isa = XCBuildConfiguration;
			buildSettings = {
				BUNDLE_LOADER = "$(TEST_HOST)";
				CODE_SIGN_STYLE = Automatic;
				CURRENT_PROJECT_VERSION = 1;
				GENERATE_INFOPLIST_FILE = YES;
				IPHONEOS_DEPLOYMENT_TARGET = 18.5;
				MARKETING_VERSION = 1.0;
				PRODUCT_BUNDLE_IDENTIFIER = com.manuelamores.AllAboutUTsTests;
				PRODUCT_NAME = "$(TARGET_NAME)";
				SWIFT_EMIT_LOC_STRINGS = NO;
				SWIFT_VERSION = 5.0;
				TARGETED_DEVICE_FAMILY = "1,2";
				TEST_HOST = "$(BUILT_PRODUCTS_DIR)/AllAboutUTs.app/$(BUNDLE_EXECUTABLE_FOLDER_PATH)/AllAboutUTs";
			};
			name = Debug;
		};
		09A0C1072F2C54A000E09DF5 /* Release */ = {
			isa = XCBuildConfiguration;
			buildSettings = {
				BUNDLE_LOADER = "$(TEST_HOST)";
				CODE_SIGN_STYLE = Automatic;
				CURRENT_PROJECT_VERSION = 1;
				GENERATE_INFOPLIST_FILE = YES;
				IPHONEOS_DEPLOYMENT_TARGET = 18.5;
				MARKETING_VERSION = 1.0;
				PRODUCT_BUNDLE_IDENTIFIER = com.manuelamores.AllAboutUTsTests;
				PRODUCT_NAME = "$(TARGET_NAME)";
				SWIFT_EMIT_LOC_STRINGS = NO;
				SWIFT_VERSION = 5.0;
				TARGETED_DEVICE_FAMILY = "1,2";
				TEST_HOST = "$(BUILT_PRODUCTS_DIR)/AllAboutUTs.app/$(BUNDLE_EXECUTABLE_FOLDER_PATH)/AllAboutUTs";
			};
			name = Release;
		};
		09A0C1092F2C54A000E09DF5 /* Debug */ = {
			isa = XCBuildConfiguration;
			buildSettings = {
				CODE_SIGN_STYLE = Automatic;
				CURRENT_PROJECT_VERSION = 1;
				GENERATE_INFOPLIST_FILE = YES;
				MARKETING_VERSION = 1.0;
				PRODUCT_BUNDLE_IDENTIFIER = com.manuelamores.AllAboutUTsUITests;
				PRODUCT_NAME = "$(TARGET_NAME)";
				SWIFT_EMIT_LOC_STRINGS = NO;
				SWIFT_VERSION = 5.0;
				TARGETED_DEVICE_FAMILY = "1,2";
				TEST_TARGET_NAME = AllAboutUTs;
			};
			name = Debug;
		};
		09A0C10A2F2C54A000E09DF5 /* Release */ = {
			isa = XCBuildConfiguration;
			buildSettings = {
				CODE_SIGN_STYLE = Automatic;
				CURRENT_PROJECT_VERSION = 1;
				GENERATE_INFOPLIST_FILE = YES;
				MARKETING_VERSION = 1.0;
				PRODUCT_BUNDLE_IDENTIFIER = com.manuelamores.AllAboutUTsUITests;
				PRODUCT_NAME = "$(TARGET_NAME)";
				SWIFT_EMIT_LOC_STRINGS = NO;
				SWIFT_VERSION = 5.0;
				TARGETED_DEVICE_FAMILY = "1,2";
				TEST_TARGET_NAME = AllAboutUTs;
			};
			name = Release;
		};
/* End XCBuildConfiguration section */

/* Begin XCConfigurationList section */
		09A0C0D22F2C549C00E09DF5 /* Build configuration list for PBXProject "AllAboutUTs" */ = {
			isa = XCConfigurationList;
			buildConfigurations = (
				09A0C1032F2C54A000E09DF5 /* Debug */,
				09A0C1042F2C54A000E09DF5 /* Release */,
			);
			defaultConfigurationIsVisible = 0;
			defaultConfigurationName = Release;
		};
		09A0C1002F2C54A000E09DF5 /* Build configuration list for PBXNativeTarget "AllAboutUTs" */ = {
			isa = XCConfigurationList;
			buildConfigurations = (
				09A0C1012F2C54A000E09DF5 /* Debug */,
				09A0C1022F2C54A000E09DF5 /* Release */,
			);
			defaultConfigurationIsVisible = 0;
			defaultConfigurationName = Release;
		};
		09A0C1052F2C54A000E09DF5 /* Build configuration list for PBXNativeTarget "AllAboutUTsTests" */ = {
			isa = XCConfigurationList;
			buildConfigurations = (
				09A0C1062F2C54A000E09DF5 /* Debug */,
				09A0C1072F2C54A000E09DF5 /* Release */,
			);
			defaultConfigurationIsVisible = 0;
			defaultConfigurationName = Release;
		};
		09A0C1082F2C54A000E09DF5 /* Build configuration list for PBXNativeTarget "AllAboutUTsUITests" */ = {
			isa = XCConfigurationList;
			buildConfigurations = (
				09A0C1092F2C54A000E09DF5 /* Debug */,
				09A0C10A2F2C54A000E09DF5 /* Release */,
			);
			defaultConfigurationIsVisible = 0;
			defaultConfigurationName = Release;
		};
/* End XCConfigurationList section */
	};
	rootObject = 09A0C0CF2F2C549C00E09DF5 /* Project object */;
}
